
Microsoft Visual Studio Solution File, Format Version 12.00
# Visual Studio Version 17
VisualStudioVersion = 17.7.34221.43
MinimumVisualStudioVersion = 10.0.40219.1
Project("{FAE04EC0-301F-11D3-BF4B-00C04F79EFBC}") = "ProjetoInvest", "ProjetoInvest\ProjetoInvest.csproj", "{72AD0AC3-BBC7-4358-B1F4-121D0E336F12}"
EndProject
Global
	GlobalSection(SolutionConfigurationPlatforms) = preSolution
		Debug|Any CPU = Debug|Any CPU
		Release|Any CPU = Release|Any CPU
	EndGlobalSection
	GlobalSection(ProjectConfigurationPlatforms) = postSolution
		{72AD0AC3-BBC7-4358-B1F4-121D0E336F12}.Debug|Any CPU.ActiveCfg = Debug|Any CPU
		{72AD0AC3-BBC7-4358-B1F4-121D0E336F12}.Debug|Any CPU.Build.0 = Debug|Any CPU
		{72AD0AC3-BBC7-4358-B1F4-121D0E336F12}.Release|Any CPU.ActiveCfg = Release|Any CPU
		{72AD0AC3-BBC7-4358-B1F4-121D0E336F12}.Release|Any CPU.Build.0 = Release|Any CPU
	EndGlobalSection
	GlobalSection(SolutionProperties) = preSolution
		HideSolutionNode = FALSE
	EndGlobalSection
	GlobalSection(ExtensibilityGlobals) = postSolution
		SolutionGuid = {D7BF622B-7C27-4D30-B3B8-AFAE1345AD83}
	EndGlobalSection
EndGlobal
